
Microsoft Visual Studio Solution File, Format Version 12.00
# Visual Studio Version 17
VisualStudioVersion = 17.9.34723.18
MinimumVisualStudioVersion = 10.0.40219.1
Project("{FAE04EC0-301F-11D3-BF4B-00C04F79EFBC}") = "HotelManagement", "HotelManagement.csproj", "{17592EE0-F1B9-42C8-8F67-CCD887E2B865}"
EndProject
Global
	GlobalSection(SolutionConfigurationPlatforms) = preSolution
		Debug|Any CPU = Debug|Any CPU
		Release|Any CPU = Release|Any CPU
	EndGlobalSection
	GlobalSection(ProjectConfigurationPlatforms) = postSolution
		{17592EE0-F1B9-42C8-8F67-CCD887E2B865}.Debug|Any CPU.ActiveCfg = Debug|Any CPU
		{17592EE0-F1B9-42C8-8F67-CCD887E2B865}.Debug|Any CPU.Build.0 = Debug|Any CPU
		{17592EE0-F1B9-42C8-8F67-CCD887E2B865}.Release|Any CPU.ActiveCfg = Release|Any CPU
		{17592EE0-F1B9-42C8-8F67-CCD887E2B865}.Release|Any CPU.Build.0 = Release|Any CPU
	EndGlobalSection
	GlobalSection(SolutionProperties) = preSolution
		HideSolutionNode = FALSE
	EndGlobalSection
	GlobalSection(ExtensibilityGlobals) = postSolution
		SolutionGuid = {3FBF3D73-B4BA-40C4-82C5-E61025495C5A}
	EndGlobalSection
EndGlobal
